// !$*UTF8*$!
{
	archiveVersion = 1;
	classes = {
	};
	objectVersion = 56;
	objects = {

/* Begin PBXBuildFile section */
		1A0000001A000001 /* ShoppingListApp.swift in Sources */ = {isa = PBXBuildFile; fileRef = 1A0000011A000001 /* ShoppingListApp.swift */; };
		1A0000021A000002 /* ContentView.swift in Sources */ = {isa = PBXBuildFile; fileRef = 1A0000031A000002 /* ContentView.swift */; };
		1A0000041A000003 /* Assets.xcassets in Resources */ = {isa = PBXBuildFile; fileRef = 1A0000051A000003 /* Assets.xcassets */; };
		1A0000061A000004 /* Category.swift in Sources */ = {isa = PBXBuildFile; fileRef = 1A0000071A000004 /* Category.swift */; };
		1A0000081A000005 /* ShoppingList.swift in Sources */ = {isa = PBXBuildFile; fileRef = 1A0000091A000005 /* ShoppingList.swift */; };
		1A0000101A000006 /* ShoppingItem.swift in Sources */ = {isa = PBXBuildFile; fileRef = 1A0000111A000006 /* ShoppingItem.swift */; };
		1A0000121A000007 /* ListsView.swift in Sources */ = {isa = PBXBuildFile; fileRef = 1A0000131A000007 /* ListsView.swift */; };
		1A0000141A000008 /* ItemsView.swift in Sources */ = {isa = PBXBuildFile; fileRef = 1A0000151A000008 /* ItemsView.swift */; };
		1A0000161A000009 /* AddItemView.swift in Sources */ = {isa = PBXBuildFile; fileRef = 1A0000171A000009 /* AddItemView.swift */; };
		1A0000181A000010 /* CategoryDetector.swift in Sources */ = {isa = PBXBuildFile; fileRef = 1A0000191A000010 /* CategoryDetector.swift */; };
		1A0000201A000011 /* DataController.swift in Sources */ = {isa = PBXBuildFile; fileRef = 1A0000211A000011 /* DataController.swift */; };
		1A0000221A000012 /* ShoppingListModel.xcdatamodeld in Sources */ = {isa = PBXBuildFile; fileRef = 1A0000231A000012 /* ShoppingListModel.xcdatamodeld */; };
		1A0000241A000013 /* ListsViewModel.swift in Sources */ = {isa = PBXBuildFile; fileRef = 1A0000251A000013 /* ListsViewModel.swift */; };
		1A0000261A000014 /* ItemsViewModel.swift in Sources */ = {isa = PBXBuildFile; fileRef = 1A0000271A000014 /* ItemsViewModel.swift */; };
		1A0000501A000050 /* ShoppingListEntity+CoreDataClass.swift in Sources */ = {isa = PBXBuildFile; fileRef = 1A0000511A000050 /* ShoppingListEntity+CoreDataClass.swift */; };
		1A0000521A000051 /* ShoppingListEntity+CoreDataProperties.swift in Sources */ = {isa = PBXBuildFile; fileRef = 1A0000531A000051 /* ShoppingListEntity+CoreDataProperties.swift */; };
		1A0000541A000052 /* ShoppingItemEntity+CoreDataClass.swift in Sources */ = {isa = PBXBuildFile; fileRef = 1A0000551A000052 /* ShoppingItemEntity+CoreDataClass.swift */; };
		1A0000561A000053 /* ShoppingItemEntity+CoreDataProperties.swift in Sources */ = {isa = PBXBuildFile; fileRef = 1A0000571A000053 /* ShoppingItemEntity+CoreDataProperties.swift */; };
		1A0000801A000080 /* ProductSuggestions.swift in Sources */ = {isa = PBXBuildFile; fileRef = 1A0000811A000081 /* ProductSuggestions.swift */; };
		5F9B3D042F20CED30006BEC5 /* RegisterView.swift in Sources */ = {isa = PBXBuildFile; fileRef = 5F9B3D022F20CED30006BEC5 /* RegisterView.swift */; };
		5F9B3D052F20CED30006BEC5 /* ProfileView.swift in Sources */ = {isa = PBXBuildFile; fileRef = 5F9B3D012F20CED30006BEC5 /* ProfileView.swift */; };
		5F9B3D062F20CED30006BEC5 /* LoginView.swift in Sources */ = {isa = PBXBuildFile; fileRef = 5F9B3D002F20CED30006BEC5 /* LoginView.swift */; };
		5F9B3D072F20CED30006BEC5 /* AuthRootView.swift in Sources */ = {isa = PBXBuildFile; fileRef = 5F9B3CFF2F20CED30006BEC5 /* AuthRootView.swift */; };
		5F9B3D092F20D6F40006BEC5 /* AuthViewModel.swift in Sources */ = {isa = PBXBuildFile; fileRef = 5F9B3D082F20D6F40006BEC5 /* AuthViewModel.swift */; };
		5F9B3D0B2F20D8FB0006BEC5 /* AuthService.swift in Sources */ = {isa = PBXBuildFile; fileRef = 5F9B3D0A2F20D8FB0006BEC5 /* AuthService.swift */; };
		5F9B3D0D2F20D9060006BEC5 /* CloudSyncService.swift in Sources */ = {isa = PBXBuildFile; fileRef = 5F9B3D0C2F20D9060006BEC5 /* CloudSyncService.swift */; };
		5F9B3D112F20D91C0006BEC5 /* SupabaseClient.swift in Sources */ = {isa = PBXBuildFile; fileRef = 5F9B3D102F20D91C0006BEC5 /* SupabaseClient.swift */; };
		5F9B3D132F20DA330006BEC5 /* CloudItemsView.swift in Sources */ = {isa = PBXBuildFile; fileRef = 5F9B3D122F20DA330006BEC5 /* CloudItemsView.swift */; };
		5F9B3D152F20DEB90006BEC5 /* RealtimeService.swift in Sources */ = {isa = PBXBuildFile; fileRef = 5F9B3D0E2F20D9110006BEC5 /* RealtimeService.swift */; };
		5F9B3D182F20E2750006BEC5 /* Supabase in Frameworks */ = {isa = PBXBuildFile; productRef = 5F9B3D172F20E2750006BEC5 /* Supabase */; };
		5F9B3D1A2F20E5D60006BEC5 /* ShareListView.swift in Sources */ = {isa = PBXBuildFile; fileRef = 5F9B3D192F20E5D60006BEC5 /* ShareListView.swift */; };
/* End PBXBuildFile section */

/* Begin PBXFileReference section */
		1A0000011A000001 /* ShoppingListApp.swift */ = {isa = PBXFileReference; lastKnownFileType = sourcecode.swift; path = ShoppingListApp.swift; sourceTree = "<group>"; };
		1A0000031A000002 /* ContentView.swift */ = {isa = PBXFileReference; lastKnownFileType = sourcecode.swift; path = ContentView.swift; sourceTree = "<group>"; };
		1A0000051A000003 /* Assets.xcassets */ = {isa = PBXFileReference; lastKnownFileType = folder.assetcatalog; path = Assets.xcassets; sourceTree = "<group>"; };
		1A0000071A000004 /* Category.swift */ = {isa = PBXFileReference; lastKnownFileType = sourcecode.swift; path = Category.swift; sourceTree = "<group>"; };
		1A0000091A000005 /* ShoppingList.swift */ = {isa = PBXFileReference; lastKnownFileType = sourcecode.swift; path = ShoppingList.swift; sourceTree = "<group>"; };
		1A0000111A000006 /* ShoppingItem.swift */ = {isa = PBXFileReference; lastKnownFileType = sourcecode.swift; path = ShoppingItem.swift; sourceTree = "<group>"; };
		1A0000131A000007 /* ListsView.swift */ = {isa = PBXFileReference; lastKnownFileType = sourcecode.swift; path = ListsView.swift; sourceTree = "<group>"; };
		1A0000151A000008 /* ItemsView.swift */ = {isa = PBXFileReference; lastKnownFileType = sourcecode.swift; path = ItemsView.swift; sourceTree = "<group>"; };
		1A0000171A000009 /* AddItemView.swift */ = {isa = PBXFileReference; lastKnownFileType = sourcecode.swift; path = AddItemView.swift; sourceTree = "<group>"; };
		1A0000191A000010 /* CategoryDetector.swift */ = {isa = PBXFileReference; lastKnownFileType = sourcecode.swift; path = CategoryDetector.swift; sourceTree = "<group>"; };
		1A0000211A000011 /* DataController.swift */ = {isa = PBXFileReference; lastKnownFileType = sourcecode.swift; path = DataController.swift; sourceTree = "<group>"; };
		1A0000251A000013 /* ListsViewModel.swift */ = {isa = PBXFileReference; lastKnownFileType = sourcecode.swift; path = ListsViewModel.swift; sourceTree = "<group>"; };
		1A0000271A000014 /* ItemsViewModel.swift */ = {isa = PBXFileReference; lastKnownFileType = sourcecode.swift; path = ItemsViewModel.swift; sourceTree = "<group>"; };
		1A0000281A000015 /* ShoppingList.app */ = {isa = PBXFileReference; explicitFileType = wrapper.application; includeInIndex = 0; path = ShoppingList.app; sourceTree = BUILT_PRODUCTS_DIR; };
		1A0000511A000050 /* ShoppingListEntity+CoreDataClass.swift */ = {isa = PBXFileReference; lastKnownFileType = sourcecode.swift; path = "ShoppingListEntity+CoreDataClass.swift"; sourceTree = "<group>"; };
		1A0000531A000051 /* ShoppingListEntity+CoreDataProperties.swift */ = {isa = PBXFileReference; lastKnownFileType = sourcecode.swift; path = "ShoppingListEntity+CoreDataProperties.swift"; sourceTree = "<group>"; };
		1A0000551A000052 /* ShoppingItemEntity+CoreDataClass.swift */ = {isa = PBXFileReference; lastKnownFileType = sourcecode.swift; path = "ShoppingItemEntity+CoreDataClass.swift"; sourceTree = "<group>"; };
		1A0000571A000053 /* ShoppingItemEntity+CoreDataProperties.swift */ = {isa = PBXFileReference; lastKnownFileType = sourcecode.swift; path = "ShoppingItemEntity+CoreDataProperties.swift"; sourceTree = "<group>"; };
		1A0000701A000070 /* ShoppingListModel.xcdatamodel */ = {isa = PBXFileReference; lastKnownFileType = wrapper.xcdatamodel; path = ShoppingListModel.xcdatamodel; sourceTree = "<group>"; };
		1A0000811A000081 /* ProductSuggestions.swift */ = {isa = PBXFileReference; lastKnownFileType = sourcecode.swift; path = ProductSuggestions.swift; sourceTree = "<group>"; };
		5F9B3CFF2F20CED30006BEC5 /* AuthRootView.swift */ = {isa = PBXFileReference; lastKnownFileType = sourcecode.swift; path = AuthRootView.swift; sourceTree = "<group>"; };
		5F9B3D002F20CED30006BEC5 /* LoginView.swift */ = {isa = PBXFileReference; lastKnownFileType = sourcecode.swift; path = LoginView.swift; sourceTree = "<group>"; };
		5F9B3D012F20CED30006BEC5 /* ProfileView.swift */ = {isa = PBXFileReference; lastKnownFileType = sourcecode.swift; path = ProfileView.swift; sourceTree = "<group>"; };
		5F9B3D022F20CED30006BEC5 /* RegisterView.swift */ = {isa = PBXFileReference; lastKnownFileType = sourcecode.swift; path = RegisterView.swift; sourceTree = "<group>"; };
		5F9B3D082F20D6F40006BEC5 /* AuthViewModel.swift */ = {isa = PBXFileReference; lastKnownFileType = sourcecode.swift; path = AuthViewModel.swift; sourceTree = "<group>"; };
		5F9B3D0A2F20D8FB0006BEC5 /* AuthService.swift */ = {isa = PBXFileReference; lastKnownFileType = sourcecode.swift; path = AuthService.swift; sourceTree = "<group>"; };
		5F9B3D0C2F20D9060006BEC5 /* CloudSyncService.swift */ = {isa = PBXFileReference; lastKnownFileType = sourcecode.swift; path = CloudSyncService.swift; sourceTree = "<group>"; };
		5F9B3D0E2F20D9110006BEC5 /* RealtimeService.swift */ = {isa = PBXFileReference; lastKnownFileType = sourcecode.swift; path = RealtimeService.swift; sourceTree = "<group>"; };
		5F9B3D102F20D91C0006BEC5 /* SupabaseClient.swift */ = {isa = PBXFileReference; lastKnownFileType = sourcecode.swift; path = SupabaseClient.swift; sourceTree = "<group>"; };
		5F9B3D122F20DA330006BEC5 /* CloudItemsView.swift */ = {isa = PBXFileReference; lastKnownFileType = sourcecode.swift; path = CloudItemsView.swift; sourceTree = "<group>"; };
		5F9B3D192F20E5D60006BEC5 /* ShareListView.swift */ = {isa = PBXFileReference; lastKnownFileType = sourcecode.swift; path = ShareListView.swift; sourceTree = "<group>"; };
		5F9B3D1B2F2147B80006BEC5 /* Info.plist */ = {isa = PBXFileReference; lastKnownFileType = text.plist; path = Info.plist; sourceTree = "<group>"; };
/* End PBXFileReference section */

/* Begin PBXFrameworksBuildPhase section */
		1A0000291A000016 /* Frameworks */ = {
			isa = PBXFrameworksBuildPhase;
			buildActionMask = 2147483647;
			files = (
				5F9B3D182F20E2750006BEC5 /* Supabase in Frameworks */,
			);
			runOnlyForDeploymentPostprocessing = 0;
		};
/* End PBXFrameworksBuildPhase section */

/* Begin PBXGroup section */
		1A0000301A000017 = {
			isa = PBXGroup;
			children = (
				1A0000311A000018 /* ShoppingList */,
				5F9B3D162F20E2750006BEC5 /* Frameworks */,
				1A0000321A000019 /* Products */,
			);
			sourceTree = "<group>";
		};
		1A0000311A000018 /* ShoppingList */ = {
			isa = PBXGroup;
			children = (
				5F9B3D1B2F2147B80006BEC5 /* Info.plist */,
				1A0000331A000020 /* App */,
				1A0000341A000021 /* Models */,
				1A0000351A000022 /* Views */,
				1A0000361A000023 /* ViewModels */,
				1A0000371A000024 /* Services */,
				1A0000381A000025 /* Resources */,
			);
			path = ShoppingList;
			sourceTree = "<group>";
		};
		1A0000321A000019 /* Products */ = {
			isa = PBXGroup;
			children = (
				1A0000281A000015 /* ShoppingList.app */,
			);
			name = Products;
			sourceTree = "<group>";
		};
		1A0000331A000020 /* App */ = {
			isa = PBXGroup;
			children = (
				1A0000011A000001 /* ShoppingListApp.swift */,
				1A0000031A000002 /* ContentView.swift */,
				1A0000211A000011 /* DataController.swift */,
				1A0000231A000012 /* ShoppingListModel.xcdatamodeld */,
				1A0000601A000060 /* CoreData */,
			);
			path = App;
			sourceTree = "<group>";
		};
		1A0000341A000021 /* Models */ = {
			isa = PBXGroup;
			children = (
				1A0000071A000004 /* Category.swift */,
				1A0000091A000005 /* ShoppingList.swift */,
				1A0000111A000006 /* ShoppingItem.swift */,
			);
			path = Models;
			sourceTree = "<group>";
		};
		1A0000351A000022 /* Views */ = {
			isa = PBXGroup;
			children = (
				5F9B3D192F20E5D60006BEC5 /* ShareListView.swift */,
				5F9B3D122F20DA330006BEC5 /* CloudItemsView.swift */,
				5F9B3D032F20CED30006BEC5 /* Auth */,
				1A0000131A000007 /* ListsView.swift */,
				1A0000151A000008 /* ItemsView.swift */,
				1A0000171A000009 /* AddItemView.swift */,
			);
			path = Views;
			sourceTree = "<group>";
		};
		1A0000361A000023 /* ViewModels */ = {
			isa = PBXGroup;
			children = (
				5F9B3D082F20D6F40006BEC5 /* AuthViewModel.swift */,
				1A0000251A000013 /* ListsViewModel.swift */,
				1A0000271A000014 /* ItemsViewModel.swift */,
			);
			path = ViewModels;
			sourceTree = "<group>";
		};
		1A0000371A000024 /* Services */ = {
			isa = PBXGroup;
			children = (
				5F9B3D102F20D91C0006BEC5 /* SupabaseClient.swift */,
				5F9B3D0E2F20D9110006BEC5 /* RealtimeService.swift */,
				5F9B3D0C2F20D9060006BEC5 /* CloudSyncService.swift */,
				5F9B3D0A2F20D8FB0006BEC5 /* AuthService.swift */,
				1A0000191A000010 /* CategoryDetector.swift */,
				1A0000811A000081 /* ProductSuggestions.swift */,
			);
			path = Services;
			sourceTree = "<group>";
		};
		1A0000381A000025 /* Resources */ = {
			isa = PBXGroup;
			children = (
				1A0000051A000003 /* Assets.xcassets */,
			);
			path = Resources;
			sourceTree = "<group>";
		};
		1A0000601A000060 /* CoreData */ = {
			isa = PBXGroup;
			children = (
				1A0000511A000050 /* ShoppingListEntity+CoreDataClass.swift */,
				1A0000531A000051 /* ShoppingListEntity+CoreDataProperties.swift */,
				1A0000551A000052 /* ShoppingItemEntity+CoreDataClass.swift */,
				1A0000571A000053 /* ShoppingItemEntity+CoreDataProperties.swift */,
			);
			path = CoreData;
			sourceTree = "<group>";
		};
		5F9B3D032F20CED30006BEC5 /* Auth */ = {
			isa = PBXGroup;
			children = (
				5F9B3CFF2F20CED30006BEC5 /* AuthRootView.swift */,
				5F9B3D002F20CED30006BEC5 /* LoginView.swift */,
				5F9B3D012F20CED30006BEC5 /* ProfileView.swift */,
				5F9B3D022F20CED30006BEC5 /* RegisterView.swift */,
			);
			path = Auth;
			sourceTree = "<group>";
		};
		5F9B3D162F20E2750006BEC5 /* Frameworks */ = {
			isa = PBXGroup;
			children = (
			);
			name = Frameworks;
			sourceTree = "<group>";
		};
/* End PBXGroup section */

/* Begin PBXNativeTarget section */
		1A0000391A000026 /* ShoppingList */ = {
			isa = PBXNativeTarget;
			buildConfigurationList = 1A0000401A000027 /* Build configuration list for PBXNativeTarget "ShoppingList" */;
			buildPhases = (
				1A0000411A000028 /* Sources */,
				1A0000291A000016 /* Frameworks */,
				1A0000421A000029 /* Resources */,
			);
			buildRules = (
			);
			dependencies = (
			);
			name = ShoppingList;
			productName = ShoppingList;
			productReference = 1A0000281A000015 /* ShoppingList.app */;
			productType = "com.apple.product-type.application";
		};
/* End PBXNativeTarget section */

/* Begin PBXProject section */
		1A0000431A000030 /* Project object */ = {
			isa = PBXProject;
			attributes = {
				BuildIndependentTargetsInParallel = 1;
				LastSwiftUpdateCheck = 1500;
				LastUpgradeCheck = 2620;
				TargetAttributes = {
					1A0000391A000026 = {
						CreatedOnToolsVersion = 15.0;
					};
				};
			};
			buildConfigurationList = 1A0000441A000031 /* Build configuration list for PBXProject "ShoppingList" */;
			compatibilityVersion = "Xcode 14.0";
			developmentRegion = ru;
			hasScannedForEncodings = 0;
			knownRegions = (
				en,
				ru,
				Base,
			);
			mainGroup = 1A0000301A000017;
			packageReferences = (
				5F9B3D142F20DAEA0006BEC5 /* XCRemoteSwiftPackageReference "supabase-swift" */,
			);
			productRefGroup = 1A0000321A000019 /* Products */;
			projectDirPath = "";
			projectRoot = "";
			targets = (
				1A0000391A000026 /* ShoppingList */,
			);
		};
/* End PBXProject section */

/* Begin PBXResourcesBuildPhase section */
		1A0000421A000029 /* Resources */ = {
			isa = PBXResourcesBuildPhase;
			buildActionMask = 2147483647;
			files = (
				1A0000041A000003 /* Assets.xcassets in Resources */,
			);
			runOnlyForDeploymentPostprocessing = 0;
		};
/* End PBXResourcesBuildPhase section */

/* Begin PBXSourcesBuildPhase section */
		1A0000411A000028 /* Sources */ = {
			isa = PBXSourcesBuildPhase;
			buildActionMask = 2147483647;
			files = (
				5F9B3D1A2F20E5D60006BEC5 /* ShareListView.swift in Sources */,
				1A0000001A000001 /* ShoppingListApp.swift in Sources */,
				1A0000021A000002 /* ContentView.swift in Sources */,
				1A0000061A000004 /* Category.swift in Sources */,
				1A0000081A000005 /* ShoppingList.swift in Sources */,
				5F9B3D152F20DEB90006BEC5 /* RealtimeService.swift in Sources */,
				1A0000101A000006 /* ShoppingItem.swift in Sources */,
				1A0000121A000007 /* ListsView.swift in Sources */,
				1A0000141A000008 /* ItemsView.swift in Sources */,
				1A0000161A000009 /* AddItemView.swift in Sources */,
				1A0000181A000010 /* CategoryDetector.swift in Sources */,
				1A0000801A000080 /* ProductSuggestions.swift in Sources */,
				1A0000201A000011 /* DataController.swift in Sources */,
				5F9B3D0D2F20D9060006BEC5 /* CloudSyncService.swift in Sources */,
				5F9B3D042F20CED30006BEC5 /* RegisterView.swift in Sources */,
				5F9B3D052F20CED30006BEC5 /* ProfileView.swift in Sources */,
				5F9B3D062F20CED30006BEC5 /* LoginView.swift in Sources */,
				5F9B3D072F20CED30006BEC5 /* AuthRootView.swift in Sources */,
				5F9B3D0B2F20D8FB0006BEC5 /* AuthService.swift in Sources */,
				1A0000221A000012 /* ShoppingListModel.xcdatamodeld in Sources */,
				5F9B3D132F20DA330006BEC5 /* CloudItemsView.swift in Sources */,
				1A0000241A000013 /* ListsViewModel.swift in Sources */,
				5F9B3D092F20D6F40006BEC5 /* AuthViewModel.swift in Sources */,
				1A0000261A000014 /* ItemsViewModel.swift in Sources */,
				1A0000501A000050 /* ShoppingListEntity+CoreDataClass.swift in Sources */,
				1A0000521A000051 /* ShoppingListEntity+CoreDataProperties.swift in Sources */,
				1A0000541A000052 /* ShoppingItemEntity+CoreDataClass.swift in Sources */,
				5F9B3D112F20D91C0006BEC5 /* SupabaseClient.swift in Sources */,
				1A0000561A000053 /* ShoppingItemEntity+CoreDataProperties.swift in Sources */,
			);
			runOnlyForDeploymentPostprocessing = 0;
		};
/* End PBXSourcesBuildPhase section */

/* Begin XCBuildConfiguration section */
		1A0000451A000032 /* Debug */ = {
			isa = XCBuildConfiguration;
			buildSettings = {
				ALWAYS_SEARCH_USER_PATHS = NO;
				ASSETCATALOG_COMPILER_GENERATE_SWIFT_ASSET_SYMBOL_EXTENSIONS = YES;
				CLANG_ANALYZER_LOCALIZABILITY_NONLOCALIZED = YES;
				CLANG_ANALYZER_NONNULL = YES;
				CLANG_ANALYZER_NUMBER_OBJECT_CONVERSION = YES_AGGRESSIVE;
				CLANG_CXX_LANGUAGE_STANDARD = "gnu++20";
				CLANG_ENABLE_MODULES = YES;
				CLANG_ENABLE_OBJC_ARC = YES;
				CLANG_ENABLE_OBJC_WEAK = YES;
				CLANG_WARN_BLOCK_CAPTURE_AUTORELEASING = YES;
				CLANG_WARN_BOOL_CONVERSION = YES;
				CLANG_WARN_COMMA = YES;
				CLANG_WARN_CONSTANT_CONVERSION = YES;
				CLANG_WARN_DEPRECATED_OBJC_IMPLEMENTATIONS = YES;
				CLANG_WARN_DIRECT_OBJC_ISA_USAGE = YES_ERROR;
				CLANG_WARN_DOCUMENTATION_COMMENTS = YES;
				CLANG_WARN_EMPTY_BODY = YES;
				CLANG_WARN_ENUM_CONVERSION = YES;
				CLANG_WARN_INFINITE_RECURSION = YES;
				CLANG_WARN_INT_CONVERSION = YES;
				CLANG_WARN_NON_LITERAL_NULL_CONVERSION = YES;
				CLANG_WARN_OBJC_IMPLICIT_RETAIN_SELF = YES;
				CLANG_WARN_OBJC_LITERAL_CONVERSION = YES;
				CLANG_WARN_OBJC_ROOT_CLASS = YES_ERROR;
				CLANG_WARN_QUOTED_INCLUDE_IN_FRAMEWORK_HEADER = YES;
				CLANG_WARN_RANGE_LOOP_ANALYSIS = YES;
				CLANG_WARN_STRICT_PROTOTYPES = YES;
				CLANG_WARN_SUSPICIOUS_MOVE = YES;
				CLANG_WARN_UNGUARDED_AVAILABILITY = YES_AGGRESSIVE;
				CLANG_WARN_UNREACHABLE_CODE = YES;
				CLANG_WARN__DUPLICATE_METHOD_MATCH = YES;
				COPY_PHASE_STRIP = NO;
				DEBUG_INFORMATION_FORMAT = dwarf;
				DEVELOPMENT_TEAM = GDAN75K2A4;
				ENABLE_STRICT_OBJC_MSGSEND = YES;
				ENABLE_TESTABILITY = YES;
				ENABLE_USER_SCRIPT_SANDBOXING = YES;
				GCC_C_LANGUAGE_STANDARD = gnu17;
				GCC_DYNAMIC_NO_PIC = NO;
				GCC_NO_COMMON_BLOCKS = YES;
				GCC_OPTIMIZATION_LEVEL = 0;
				GCC_PREPROCESSOR_DEFINITIONS = (
					"DEBUG=1",
					"$(inherited)",
				);
				GCC_WARN_64_TO_32_BIT_CONVERSION = YES;
				GCC_WARN_ABOUT_RETURN_TYPE = YES_ERROR;
				GCC_WARN_UNDECLARED_SELECTOR = YES;
				GCC_WARN_UNINITIALIZED_AUTOS = YES_AGGRESSIVE;
				GCC_WARN_UNUSED_FUNCTION = YES;
				GCC_WARN_UNUSED_VARIABLE = YES;
				IPHONEOS_DEPLOYMENT_TARGET = 16.0;
				LOCALIZATION_PREFERS_STRING_CATALOGS = YES;
				MTL_ENABLE_DEBUG_INFO = INCLUDE_SOURCE;
				MTL_FAST_MATH = YES;
				ONLY_ACTIVE_ARCH = YES;
				SDKROOT = iphoneos;
				STRING_CATALOG_GENERATE_SYMBOLS = YES;
				SWIFT_ACTIVE_COMPILATION_CONDITIONS = "DEBUG $(inherited)";
				SWIFT_OPTIMIZATION_LEVEL = "-Onone";
			};
			name = Debug;
		};
		1A0000461A000033 /* Release */ = {
			isa = XCBuildConfiguration;
			buildSettings = {
				ALWAYS_SEARCH_USER_PATHS = NO;
				ASSETCATALOG_COMPILER_GENERATE_SWIFT_ASSET_SYMBOL_EXTENSIONS = YES;
				CLANG_ANALYZER_LOCALIZABILITY_NONLOCALIZED = YES;
				CLANG_ANALYZER_NONNULL = YES;
				CLANG_ANALYZER_NUMBER_OBJECT_CONVERSION = YES_AGGRESSIVE;
				CLANG_CXX_LANGUAGE_STANDARD = "gnu++20";
				CLANG_ENABLE_MODULES = YES;
				CLANG_ENABLE_OBJC_ARC = YES;
				CLANG_ENABLE_OBJC_WEAK = YES;
				CLANG_WARN_BLOCK_CAPTURE_AUTORELEASING = YES;
				CLANG_WARN_BOOL_CONVERSION = YES;
				CLANG_WARN_COMMA = YES;
				CLANG_WARN_CONSTANT_CONVERSION = YES;
				CLANG_WARN_DEPRECATED_OBJC_IMPLEMENTATIONS = YES;
				CLANG_WARN_DIRECT_OBJC_ISA_USAGE = YES_ERROR;
				CLANG_WARN_DOCUMENTATION_COMMENTS = YES;
				CLANG_WARN_EMPTY_BODY = YES;
				CLANG_WARN_ENUM_CONVERSION = YES;
				CLANG_WARN_INFINITE_RECURSION = YES;
				CLANG_WARN_INT_CONVERSION = YES;
				CLANG_WARN_NON_LITERAL_NULL_CONVERSION = YES;
				CLANG_WARN_OBJC_IMPLICIT_RETAIN_SELF = YES;
				CLANG_WARN_OBJC_LITERAL_CONVERSION = YES;
				CLANG_WARN_OBJC_ROOT_CLASS = YES_ERROR;
				CLANG_WARN_QUOTED_INCLUDE_IN_FRAMEWORK_HEADER = YES;
				CLANG_WARN_RANGE_LOOP_ANALYSIS = YES;
				CLANG_WARN_STRICT_PROTOTYPES = YES;
				CLANG_WARN_SUSPICIOUS_MOVE = YES;
				CLANG_WARN_UNGUARDED_AVAILABILITY = YES_AGGRESSIVE;
				CLANG_WARN_UNREACHABLE_CODE = YES;
				CLANG_WARN__DUPLICATE_METHOD_MATCH = YES;
				COPY_PHASE_STRIP = NO;
				DEBUG_INFORMATION_FORMAT = "dwarf-with-dsym";
				DEVELOPMENT_TEAM = GDAN75K2A4;
				ENABLE_NS_ASSERTIONS = NO;
				ENABLE_STRICT_OBJC_MSGSEND = YES;
				ENABLE_USER_SCRIPT_SANDBOXING = YES;
				GCC_C_LANGUAGE_STANDARD = gnu17;
				GCC_NO_COMMON_BLOCKS = YES;
				GCC_WARN_64_TO_32_BIT_CONVERSION = YES;
				GCC_WARN_ABOUT_RETURN_TYPE = YES_ERROR;
				GCC_WARN_UNDECLARED_SELECTOR = YES;
				GCC_WARN_UNINITIALIZED_AUTOS = YES_AGGRESSIVE;
				GCC_WARN_UNUSED_FUNCTION = YES;
				GCC_WARN_UNUSED_VARIABLE = YES;
				IPHONEOS_DEPLOYMENT_TARGET = 16.0;
				LOCALIZATION_PREFERS_STRING_CATALOGS = YES;
				MTL_ENABLE_DEBUG_INFO = NO;
				MTL_FAST_MATH = YES;
				SDKROOT = iphoneos;
				STRING_CATALOG_GENERATE_SYMBOLS = YES;
				SWIFT_COMPILATION_MODE = wholemodule;
				VALIDATE_PRODUCT = YES;
			};
			name = Release;
		};
		1A0000471A000034 /* Debug */ = {
			isa = XCBuildConfiguration;
			buildSettings = {
				ASSETCATALOG_COMPILER_APPICON_NAME = AppIcon;
				ASSETCATALOG_COMPILER_GLOBAL_ACCENT_COLOR_NAME = AccentColor;
				CODE_SIGN_STYLE = Automatic;
				CURRENT_PROJECT_VERSION = 1;
				GENERATE_INFOPLIST_FILE = YES;
				INFOPLIST_FILE = ShoppingList/Info.plist;
				INFOPLIST_KEY_CFBundleDisplayName = "Список покупок";
				INFOPLIST_KEY_UIApplicationSceneManifest_Generation = YES;
				INFOPLIST_KEY_UIApplicationSupportsIndirectInputEvents = YES;
				INFOPLIST_KEY_UILaunchScreen_Generation = YES;
				INFOPLIST_KEY_UISupportedInterfaceOrientations_iPad = "UIInterfaceOrientationPortrait UIInterfaceOrientationPortraitUpsideDown UIInterfaceOrientationLandscapeLeft UIInterfaceOrientationLandscapeRight";
				INFOPLIST_KEY_UISupportedInterfaceOrientations_iPhone = "UIInterfaceOrientationPortrait UIInterfaceOrientationLandscapeLeft UIInterfaceOrientationLandscapeRight";
				LD_RUNPATH_SEARCH_PATHS = (
					"$(inherited)",
					"@executable_path/Frameworks",
				);
				MARKETING_VERSION = 1.0;
				PRODUCT_BUNDLE_IDENTIFIER = com.pm.maksim.shoppinglist.app;
				PRODUCT_NAME = "$(TARGET_NAME)";
				SWIFT_EMIT_LOC_STRINGS = YES;
				SWIFT_VERSION = 5.0;
				TARGETED_DEVICE_FAMILY = "1,2";
			};
			name = Debug;
		};
		1A0000481A000035 /* Release */ = {
			isa = XCBuildConfiguration;
			buildSettings = {
				ASSETCATALOG_COMPILER_APPICON_NAME = AppIcon;
				ASSETCATALOG_COMPILER_GLOBAL_ACCENT_COLOR_NAME = AccentColor;
				CODE_SIGN_STYLE = Automatic;
				CURRENT_PROJECT_VERSION = 1;
				GENERATE_INFOPLIST_FILE = YES;
				INFOPLIST_FILE = ShoppingList/Info.plist;
				INFOPLIST_KEY_CFBundleDisplayName = "Список покупок";
				INFOPLIST_KEY_UIApplicationSceneManifest_Generation = YES;
				INFOPLIST_KEY_UIApplicationSupportsIndirectInputEvents = YES;
				INFOPLIST_KEY_UILaunchScreen_Generation = YES;
				INFOPLIST_KEY_UISupportedInterfaceOrientations_iPad = "UIInterfaceOrientationPortrait UIInterfaceOrientationPortraitUpsideDown UIInterfaceOrientationLandscapeLeft UIInterfaceOrientationLandscapeRight";
				INFOPLIST_KEY_UISupportedInterfaceOrientations_iPhone = "UIInterfaceOrientationPortrait UIInterfaceOrientationLandscapeLeft UIInterfaceOrientationLandscapeRight";
				LD_RUNPATH_SEARCH_PATHS = (
					"$(inherited)",
					"@executable_path/Frameworks",
				);
				MARKETING_VERSION = 1.0;
				PRODUCT_BUNDLE_IDENTIFIER = com.pm.maksim.shoppinglist.app;
				PRODUCT_NAME = "$(TARGET_NAME)";
				SWIFT_EMIT_LOC_STRINGS = YES;
				SWIFT_VERSION = 5.0;
				TARGETED_DEVICE_FAMILY = "1,2";
			};
			name = Release;
		};
/* End XCBuildConfiguration section */

/* Begin XCConfigurationList section */
		1A0000401A000027 /* Build configuration list for PBXNativeTarget "ShoppingList" */ = {
			isa = XCConfigurationList;
			buildConfigurations = (
				1A0000471A000034 /* Debug */,
				1A0000481A000035 /* Release */,
			);
			defaultConfigurationIsVisible = 0;
			defaultConfigurationName = Release;
		};
		1A0000441A000031 /* Build configuration list for PBXProject "ShoppingList" */ = {
			isa = XCConfigurationList;
			buildConfigurations = (
				1A0000451A000032 /* Debug */,
				1A0000461A000033 /* Release */,
			);
			defaultConfigurationIsVisible = 0;
			defaultConfigurationName = Release;
		};
/* End XCConfigurationList section */

/* Begin XCRemoteSwiftPackageReference section */
		5F9B3D142F20DAEA0006BEC5 /* XCRemoteSwiftPackageReference "supabase-swift" */ = {
			isa = XCRemoteSwiftPackageReference;
			repositoryURL = "https://github.com/supabase/supabase-swift";
			requirement = {
				kind = upToNextMajorVersion;
				minimumVersion = 2.5.1;
			};
		};
/* End XCRemoteSwiftPackageReference section */

/* Begin XCSwiftPackageProductDependency section */
		5F9B3D172F20E2750006BEC5 /* Supabase */ = {
			isa = XCSwiftPackageProductDependency;
			package = 5F9B3D142F20DAEA0006BEC5 /* XCRemoteSwiftPackageReference "supabase-swift" */;
			productName = Supabase;
		};
/* End XCSwiftPackageProductDependency section */

/* Begin XCVersionGroup section */
		1A0000231A000012 /* ShoppingListModel.xcdatamodeld */ = {
			isa = XCVersionGroup;
			children = (
				1A0000701A000070 /* ShoppingListModel.xcdatamodel */,
			);
			currentVersion = 1A0000701A000070 /* ShoppingListModel.xcdatamodel */;
			path = ShoppingListModel.xcdatamodeld;
			sourceTree = "<group>";
			versionGroupType = wrapper.xcdatamodel;
		};
/* End XCVersionGroup section */
	};
	rootObject = 1A0000431A000030 /* Project object */;
}
